
Microsoft Visual Studio Solution File, Format Version 12.00
# Visual Studio Version 17
VisualStudioVersion = 17.9.34723.18
MinimumVisualStudioVersion = 10.0.40219.1
Project("{9A19103F-16F7-4668-BE54-9A1E7A4F7556}") = "DotNetCoreBasicProject", "DotNetCoreBasicProject.csproj", "{E3FE3DB5-0061-4689-BE36-3901D14F8948}"
EndProject
Global
	GlobalSection(SolutionConfigurationPlatforms) = preSolution
		Debug|Any CPU = Debug|Any CPU
		Release|Any CPU = Release|Any CPU
	EndGlobalSection
	GlobalSection(ProjectConfigurationPlatforms) = postSolution
		{E3FE3DB5-0061-4689-BE36-3901D14F8948}.Debug|Any CPU.ActiveCfg = Debug|Any CPU
		{E3FE3DB5-0061-4689-BE36-3901D14F8948}.Debug|Any CPU.Build.0 = Debug|Any CPU
		{E3FE3DB5-0061-4689-BE36-3901D14F8948}.Release|Any CPU.ActiveCfg = Release|Any CPU
		{E3FE3DB5-0061-4689-BE36-3901D14F8948}.Release|Any CPU.Build.0 = Release|Any CPU
	EndGlobalSection
	GlobalSection(SolutionProperties) = preSolution
		HideSolutionNode = FALSE
	EndGlobalSection
	GlobalSection(ExtensibilityGlobals) = postSolution
		SolutionGuid = {416387FB-F445-4A14-A88C-D378E5BFB4F1}
	EndGlobalSection
EndGlobal
